{
  "name": "sentinel-client-applications",
  "lockfileVersion": 3,
  "requires": true,
  "packages": {
    "": {
      "name": "sentinel-client-applications",
      "workspaces": [
        "shared-domain",
        "web",
        "mobile-shell"
      ],
      "devDependencies": {
        "typescript": "^5.8.3"
      }
    },
    "mobile-shell": {
      "name": "@sentinel/mobile-shell",
      "version": "0.1.0"
    },
    "node_modules/@sentinel/mobile-shell": {
      "resolved": "mobile-shell",
      "link": true
    },
    "node_modules/@sentinel/shared-domain": {
      "resolved": "shared-domain",
      "link": true
    },
    "node_modules/@sentinel/web": {
      "resolved": "web",
      "link": true
    },
    "node_modules/typescript": {
      "version": "5.8.3",
      "resolved": "https://registry.npmjs.org/typescript/-/typescript-5.8.3.tgz",
      "integrity": "sha512-p1diW6TqL9L07nNxvRMM7hMMw4c5XOo/1ibL4aAIGmSAt9slTE1Xgw5KWuof2uTOvCg9BY7ZRi+GaF+7sfgPeQ==",
      "dev": true,
      "license": "Apache-2.0",
      "bin": {
        "tsc": "bin/tsc",
        "tsserver": "bin/tsserver"
      },
      "engines": {
        "node": ">=14.17"
      }
    },
    "shared-domain": {
      "name": "@sentinel/shared-domain",
      "version": "0.1.0"
    },
    "web": {
      "name": "@sentinel/web",
      "version": "0.1.0"
    }
  }
}
